
Microsoft Visual Studio Solution File, Format Version 12.00
# Visual Studio Version 17
VisualStudioVersion = 17.1.32421.90
MinimumVisualStudioVersion = 10.0.40219.1
Project("{FAE04EC0-301F-11D3-BF4B-00C04F79EFBC}") = "MarketWatch.Server", "MarketWatch\Server\MarketWatch.Server.csproj", "{7B16EE7A-2A3E-4176-A1A9-0EE5E8B176B8}"
EndProject
Project("{FAE04EC0-301F-11D3-BF4B-00C04F79EFBC}") = "MarketWatch.Client", "MarketWatch\Client\MarketWatch.Client.csproj", "{8BD5E3A7-AD97-45C0-8319-81EB6A1219B6}"
EndProject
Project("{FAE04EC0-301F-11D3-BF4B-00C04F79EFBC}") = "MarketWatch.Shared", "MarketWatch\Shared\MarketWatch.Shared.csproj", "{D90D2F8E-3AC7-4412-A684-E47910E44C42}"
EndProject
Global
	GlobalSection(SolutionConfigurationPlatforms) = preSolution
		Debug|Any CPU = Debug|Any CPU
		Release|Any CPU = Release|Any CPU
	EndGlobalSection
	GlobalSection(ProjectConfigurationPlatforms) = postSolution
		{7B16EE7A-2A3E-4176-A1A9-0EE5E8B176B8}.Debug|Any CPU.ActiveCfg = Debug|Any CPU
		{7B16EE7A-2A3E-4176-A1A9-0EE5E8B176B8}.Debug|Any CPU.Build.0 = Debug|Any CPU
		{7B16EE7A-2A3E-4176-A1A9-0EE5E8B176B8}.Release|Any CPU.ActiveCfg = Release|Any CPU
		{7B16EE7A-2A3E-4176-A1A9-0EE5E8B176B8}.Release|Any CPU.Build.0 = Release|Any CPU
		{8BD5E3A7-AD97-45C0-8319-81EB6A1219B6}.Debug|Any CPU.ActiveCfg = Debug|Any CPU
		{8BD5E3A7-AD97-45C0-8319-81EB6A1219B6}.Debug|Any CPU.Build.0 = Debug|Any CPU
		{8BD5E3A7-AD97-45C0-8319-81EB6A1219B6}.Release|Any CPU.ActiveCfg = Release|Any CPU
		{8BD5E3A7-AD97-45C0-8319-81EB6A1219B6}.Release|Any CPU.Build.0 = Release|Any CPU
		{D90D2F8E-3AC7-4412-A684-E47910E44C42}.Debug|Any CPU.ActiveCfg = Debug|Any CPU
		{D90D2F8E-3AC7-4412-A684-E47910E44C42}.Debug|Any CPU.Build.0 = Debug|Any CPU
		{D90D2F8E-3AC7-4412-A684-E47910E44C42}.Release|Any CPU.ActiveCfg = Release|Any CPU
		{D90D2F8E-3AC7-4412-A684-E47910E44C42}.Release|Any CPU.Build.0 = Release|Any CPU
	EndGlobalSection
	GlobalSection(SolutionProperties) = preSolution
		HideSolutionNode = FALSE
	EndGlobalSection
	GlobalSection(ExtensibilityGlobals) = postSolution
		SolutionGuid = {73F17CAE-4765-42F2-9FBB-F877AE3A4B68}
	EndGlobalSection
EndGlobal
